// !$*UTF8*$!
{
	archiveVersion = 1;
	classes = {
	};
	objectVersion = 48;
	objects = {

/* Begin PBXBuildFile section */
		2A4D23061FBEEFA700030481 /* TagCollectionCell.xib in Resources */ = {isa = PBXBuildFile; fileRef = 2A4D23051FBEEFA700030481 /* TagCollectionCell.xib */; };
		2A4D230A1FBEF27800030481 /* TagCollectionCell.swift in Sources */ = {isa = PBXBuildFile; fileRef = 2A4D23091FBEF27800030481 /* TagCollectionCell.swift */; };
		2A58E2D91FD968A600CCF3BD /* demoCell.swift in Sources */ = {isa = PBXBuildFile; fileRef = 2A58E2D81FD968A600CCF3BD /* demoCell.swift */; };
		2A5EEB041FD04A2C007D80FD /* Theme.swift in Sources */ = {isa = PBXBuildFile; fileRef = 2A5EEB031FD04A2C007D80FD /* Theme.swift */; };
		2A6F2EC51FD16C3200E0AEDC /* CloseButton.swift in Sources */ = {isa = PBXBuildFile; fileRef = 2A6F2EC41FD16C3200E0AEDC /* CloseButton.swift */; };
		2AFF23441FB301DB00C32E8A /* AppDelegate.swift in Sources */ = {isa = PBXBuildFile; fileRef = 2AFF23431FB301DB00C32E8A /* AppDelegate.swift */; };
		2AFF23461FB301DB00C32E8A /* ViewController.swift in Sources */ = {isa = PBXBuildFile; fileRef = 2AFF23451FB301DB00C32E8A /* ViewController.swift */; };
		2AFF23491FB301DB00C32E8A /* Main.storyboard in Resources */ = {isa = PBXBuildFile; fileRef = 2AFF23471FB301DB00C32E8A /* Main.storyboard */; };
		2AFF234B1FB301DB00C32E8A /* Assets.xcassets in Resources */ = {isa = PBXBuildFile; fileRef = 2AFF234A1FB301DB00C32E8A /* Assets.xcassets */; };
		2AFF234E1FB301DB00C32E8A /* LaunchScreen.storyboard in Resources */ = {isa = PBXBuildFile; fileRef = 2AFF234C1FB301DB00C32E8A /* LaunchScreen.storyboard */; };
		2AFF23561FB3025200C32E8A /* TaglistCollection.swift in Sources */ = {isa = PBXBuildFile; fileRef = 2AFF23551FB3025200C32E8A /* TaglistCollection.swift */; };
		B85EE6801FE23840007AF5E8 /* StringExtentions.swift in Sources */ = {isa = PBXBuildFile; fileRef = B85EE67F1FE23840007AF5E8 /* StringExtentions.swift */; };
/* End PBXBuildFile section */

/* Begin PBXFileReference section */
		2A4D23051FBEEFA700030481 /* TagCollectionCell.xib */ = {isa = PBXFileReference; lastKnownFileType = file.xib; path = TagCollectionCell.xib; sourceTree = "<group>"; };
		2A4D23091FBEF27800030481 /* TagCollectionCell.swift */ = {isa = PBXFileReference; lastKnownFileType = sourcecode.swift; path = TagCollectionCell.swift; sourceTree = "<group>"; };
		2A58E2D81FD968A600CCF3BD /* demoCell.swift */ = {isa = PBXFileReference; lastKnownFileType = sourcecode.swift; path = demoCell.swift; sourceTree = "<group>"; };
		2A5EEB031FD04A2C007D80FD /* Theme.swift */ = {isa = PBXFileReference; lastKnownFileType = sourcecode.swift; path = Theme.swift; sourceTree = "<group>"; };
		2A6F2EC41FD16C3200E0AEDC /* CloseButton.swift */ = {isa = PBXFileReference; lastKnownFileType = sourcecode.swift; path = CloseButton.swift; sourceTree = "<group>"; };
		2AFF23401FB301DB00C32E8A /* TaglistCollectionDemo.app */ = {isa = PBXFileReference; explicitFileType = wrapper.application; includeInIndex = 0; path = TaglistCollectionDemo.app; sourceTree = BUILT_PRODUCTS_DIR; };
		2AFF23431FB301DB00C32E8A /* AppDelegate.swift */ = {isa = PBXFileReference; lastKnownFileType = sourcecode.swift; path = AppDelegate.swift; sourceTree = "<group>"; };
		2AFF23451FB301DB00C32E8A /* ViewController.swift */ = {isa = PBXFileReference; lastKnownFileType = sourcecode.swift; path = ViewController.swift; sourceTree = "<group>"; };
		2AFF23481FB301DB00C32E8A /* Base */ = {isa = PBXFileReference; lastKnownFileType = file.storyboard; name = Base; path = Base.lproj/Main.storyboard; sourceTree = "<group>"; };
		2AFF234A1FB301DB00C32E8A /* Assets.xcassets */ = {isa = PBXFileReference; lastKnownFileType = folder.assetcatalog; path = Assets.xcassets; sourceTree = "<group>"; };
		2AFF234D1FB301DB00C32E8A /* Base */ = {isa = PBXFileReference; lastKnownFileType = file.storyboard; name = Base; path = Base.lproj/LaunchScreen.storyboard; sourceTree = "<group>"; };
		2AFF234F1FB301DB00C32E8A /* Info.plist */ = {isa = PBXFileReference; lastKnownFileType = text.plist.xml; path = Info.plist; sourceTree = "<group>"; };
		2AFF23551FB3025200C32E8A /* TaglistCollection.swift */ = {isa = PBXFileReference; lastKnownFileType = sourcecode.swift; path = TaglistCollection.swift; sourceTree = "<group>"; };
		B85EE67F1FE23840007AF5E8 /* StringExtentions.swift */ = {isa = PBXFileReference; fileEncoding = 4; lastKnownFileType = sourcecode.swift; path = StringExtentions.swift; sourceTree = "<group>"; };
/* End PBXFileReference section */

/* Begin PBXFrameworksBuildPhase section */
		2AFF233D1FB301DB00C32E8A /* Frameworks */ = {
			isa = PBXFrameworksBuildPhase;
			buildActionMask = 2147483647;
			files = (
			);
			runOnlyForDeploymentPostprocessing = 0;
		};
/* End PBXFrameworksBuildPhase section */

/* Begin PBXGroup section */
		2A5C9F8D1FCC201700AD95FC /* Classes */ = {
			isa = PBXGroup;
			children = (
				B85EE67F1FE23840007AF5E8 /* StringExtentions.swift */,
				2AFF23551FB3025200C32E8A /* TaglistCollection.swift */,
				2A4D23091FBEF27800030481 /* TagCollectionCell.swift */,
				2A5EEB031FD04A2C007D80FD /* Theme.swift */,
				2A6F2EC41FD16C3200E0AEDC /* CloseButton.swift */,
			);
			path = Classes;
			sourceTree = "<group>";
		};
		2A5C9F8E1FCC203C00AD95FC /* Assets */ = {
			isa = PBXGroup;
			children = (
				2A4D23051FBEEFA700030481 /* TagCollectionCell.xib */,
			);
			path = Assets;
			sourceTree = "<group>";
		};
		2AFF23371FB301DB00C32E8A = {
			isa = PBXGroup;
			children = (
				2AFF23421FB301DB00C32E8A /* TaglistCollectionDemo */,
				2AFF23411FB301DB00C32E8A /* Products */,
			);
			sourceTree = "<group>";
		};
		2AFF23411FB301DB00C32E8A /* Products */ = {
			isa = PBXGroup;
			children = (
				2AFF23401FB301DB00C32E8A /* TaglistCollectionDemo.app */,
			);
			name = Products;
			sourceTree = "<group>";
		};
		2AFF23421FB301DB00C32E8A /* TaglistCollectionDemo */ = {
			isa = PBXGroup;
			children = (
				2AFF23431FB301DB00C32E8A /* AppDelegate.swift */,
				2AFF23451FB301DB00C32E8A /* ViewController.swift */,
				2A58E2D81FD968A600CCF3BD /* demoCell.swift */,
				2AFF23471FB301DB00C32E8A /* Main.storyboard */,
				2A5C9F8D1FCC201700AD95FC /* Classes */,
				2A5C9F8E1FCC203C00AD95FC /* Assets */,
				2AFF234A1FB301DB00C32E8A /* Assets.xcassets */,
				2AFF234C1FB301DB00C32E8A /* LaunchScreen.storyboard */,
				2AFF234F1FB301DB00C32E8A /* Info.plist */,
			);
			path = TaglistCollectionDemo;
			sourceTree = "<group>";
		};
/* End PBXGroup section */

/* Begin PBXNativeTarget section */
		2AFF233F1FB301DB00C32E8A /* TaglistCollectionDemo */ = {
			isa = PBXNativeTarget;
			buildConfigurationList = 2AFF23521FB301DB00C32E8A /* Build configuration list for PBXNativeTarget "TaglistCollectionDemo" */;
			buildPhases = (
				2AFF233C1FB301DB00C32E8A /* Sources */,
				2AFF233D1FB301DB00C32E8A /* Frameworks */,
				2AFF233E1FB301DB00C32E8A /* Resources */,
			);
			buildRules = (
			);
			dependencies = (
			);
			name = TaglistCollectionDemo;
			productName = TaglistCollectionDemo;
			productReference = 2AFF23401FB301DB00C32E8A /* TaglistCollectionDemo.app */;
			productType = "com.apple.product-type.application";
		};
/* End PBXNativeTarget section */

/* Begin PBXProject section */
		2AFF23381FB301DB00C32E8A /* Project object */ = {
			isa = PBXProject;
			attributes = {
				LastSwiftUpdateCheck = 0900;
				LastUpgradeCheck = 0900;
				ORGANIZATIONNAME = "Sanjaysinh Chauhan";
				TargetAttributes = {
					2AFF233F1FB301DB00C32E8A = {
						CreatedOnToolsVersion = 9.0;
						ProvisioningStyle = Automatic;
					};
				};
			};
			buildConfigurationList = 2AFF233B1FB301DB00C32E8A /* Build configuration list for PBXProject "TaglistCollectionDemo" */;
			compatibilityVersion = "Xcode 8.0";
			developmentRegion = en;
			hasScannedForEncodings = 0;
			knownRegions = (
				en,
				Base,
			);
			mainGroup = 2AFF23371FB301DB00C32E8A;
			productRefGroup = 2AFF23411FB301DB00C32E8A /* Products */;
			projectDirPath = "";
			projectRoot = "";
			targets = (
				2AFF233F1FB301DB00C32E8A /* TaglistCollectionDemo */,
			);
		};
/* End PBXProject section */

/* Begin PBXResourcesBuildPhase section */
		2AFF233E1FB301DB00C32E8A /* Resources */ = {
			isa = PBXResourcesBuildPhase;
			buildActionMask = 2147483647;
			files = (
				2AFF234E1FB301DB00C32E8A /* LaunchScreen.storyboard in Resources */,
				2AFF234B1FB301DB00C32E8A /* Assets.xcassets in Resources */,
				2A4D23061FBEEFA700030481 /* TagCollectionCell.xib in Resources */,
				2AFF23491FB301DB00C32E8A /* Main.storyboard in Resources */,
			);
			runOnlyForDeploymentPostprocessing = 0;
		};
/* End PBXResourcesBuildPhase section */

/* Begin PBXSourcesBuildPhase section */
		2AFF233C1FB301DB00C32E8A /* Sources */ = {
			isa = PBXSourcesBuildPhase;
			buildActionMask = 2147483647;
			files = (
				2A6F2EC51FD16C3200E0AEDC /* CloseButton.swift in Sources */,
				B85EE6801FE23840007AF5E8 /* StringExtentions.swift in Sources */,
				2AFF23461FB301DB00C32E8A /* ViewController.swift in Sources */,
				2A4D230A1FBEF27800030481 /* TagCollectionCell.swift in Sources */,
				2A5EEB041FD04A2C007D80FD /* Theme.swift in Sources */,
				2AFF23561FB3025200C32E8A /* TaglistCollection.swift in Sources */,
				2A58E2D91FD968A600CCF3BD /* demoCell.swift in Sources */,
				2AFF23441FB301DB00C32E8A /* AppDelegate.swift in Sources */,
			);
			runOnlyForDeploymentPostprocessing = 0;
		};
/* End PBXSourcesBuildPhase section */

/* Begin PBXVariantGroup section */
		2AFF23471FB301DB00C32E8A /* Main.storyboard */ = {
			isa = PBXVariantGroup;
			children = (
				2AFF23481FB301DB00C32E8A /* Base */,
			);
			name = Main.storyboard;
			sourceTree = "<group>";
		};
		2AFF234C1FB301DB00C32E8A /* LaunchScreen.storyboard */ = {
			isa = PBXVariantGroup;
			children = (
				2AFF234D1FB301DB00C32E8A /* Base */,
			);
			name = LaunchScreen.storyboard;
			sourceTree = "<group>";
		};
/* End PBXVariantGroup section */

/* Begin XCBuildConfiguration section */
		2AFF23501FB301DB00C32E8A /* Debug */ = {
			isa = XCBuildConfiguration;
			buildSettings = {
				ALWAYS_SEARCH_USER_PATHS = NO;
				CLANG_ANALYZER_NONNULL = YES;
				CLANG_ANALYZER_NUMBER_OBJECT_CONVERSION = YES_AGGRESSIVE;
				CLANG_CXX_LANGUAGE_STANDARD = "gnu++14";
				CLANG_CXX_LIBRARY = "libc++";
				CLANG_ENABLE_MODULES = YES;
				CLANG_ENABLE_OBJC_ARC = YES;
				CLANG_WARN_BLOCK_CAPTURE_AUTORELEASING = YES;
				CLANG_WARN_BOOL_CONVERSION = YES;
				CLANG_WARN_COMMA = YES;
				CLANG_WARN_CONSTANT_CONVERSION = YES;
				CLANG_WARN_DIRECT_OBJC_ISA_USAGE = YES_ERROR;
				CLANG_WARN_DOCUMENTATION_COMMENTS = YES;
				CLANG_WARN_EMPTY_BODY = YES;
				CLANG_WARN_ENUM_CONVERSION = YES;
				CLANG_WARN_INFINITE_RECURSION = YES;
				CLANG_WARN_INT_CONVERSION = YES;
				CLANG_WARN_NON_LITERAL_NULL_CONVERSION = YES;
				CLANG_WARN_OBJC_LITERAL_CONVERSION = YES;
				CLANG_WARN_OBJC_ROOT_CLASS = YES_ERROR;
				CLANG_WARN_RANGE_LOOP_ANALYSIS = YES;
				CLANG_WARN_STRICT_PROTOTYPES = YES;
				CLANG_WARN_SUSPICIOUS_MOVE = YES;
				CLANG_WARN_UNGUARDED_AVAILABILITY = YES_AGGRESSIVE;
				CLANG_WARN_UNREACHABLE_CODE = YES;
				CLANG_WARN__DUPLICATE_METHOD_MATCH = YES;
				CODE_SIGN_IDENTITY = "iPhone Developer";
				COPY_PHASE_STRIP = NO;
				DEBUG_INFORMATION_FORMAT = dwarf;
				ENABLE_STRICT_OBJC_MSGSEND = YES;
				ENABLE_TESTABILITY = YES;
				GCC_C_LANGUAGE_STANDARD = gnu11;
				GCC_DYNAMIC_NO_PIC = NO;
				GCC_NO_COMMON_BLOCKS = YES;
				GCC_OPTIMIZATION_LEVEL = 0;
				GCC_PREPROCESSOR_DEFINITIONS = (
					"DEBUG=1",
					"$(inherited)",
				);
				GCC_WARN_64_TO_32_BIT_CONVERSION = YES;
				GCC_WARN_ABOUT_RETURN_TYPE = YES_ERROR;
				GCC_WARN_UNDECLARED_SELECTOR = YES;
				GCC_WARN_UNINITIALIZED_AUTOS = YES_AGGRESSIVE;
				GCC_WARN_UNUSED_FUNCTION = YES;
				GCC_WARN_UNUSED_VARIABLE = YES;
				IPHONEOS_DEPLOYMENT_TARGET = 11.0;
				MTL_ENABLE_DEBUG_INFO = YES;
				ONLY_ACTIVE_ARCH = YES;
				SDKROOT = iphoneos;
				SWIFT_ACTIVE_COMPILATION_CONDITIONS = DEBUG;
				SWIFT_OPTIMIZATION_LEVEL = "-Onone";
			};
			name = Debug;
		};
		2AFF23511FB301DB00C32E8A /* Release */ = {
			isa = XCBuildConfiguration;
			buildSettings = {
				ALWAYS_SEARCH_USER_PATHS = NO;
				CLANG_ANALYZER_NONNULL = YES;
				CLANG_ANALYZER_NUMBER_OBJECT_CONVERSION = YES_AGGRESSIVE;
				CLANG_CXX_LANGUAGE_STANDARD = "gnu++14";
				CLANG_CXX_LIBRARY = "libc++";
				CLANG_ENABLE_MODULES = YES;
				CLANG_ENABLE_OBJC_ARC = YES;
				CLANG_WARN_BLOCK_CAPTURE_AUTORELEASING = YES;
				CLANG_WARN_BOOL_CONVERSION = YES;
				CLANG_WARN_COMMA = YES;
				CLANG_WARN_CONSTANT_CONVERSION = YES;
				CLANG_WARN_DIRECT_OBJC_ISA_USAGE = YES_ERROR;
				CLANG_WARN_DOCUMENTATION_COMMENTS = YES;
				CLANG_WARN_EMPTY_BODY = YES;
				CLANG_WARN_ENUM_CONVERSION = YES;
				CLANG_WARN_INFINITE_RECURSION = YES;
				CLANG_WARN_INT_CONVERSION = YES;
				CLANG_WARN_NON_LITERAL_NULL_CONVERSION = YES;
				CLANG_WARN_OBJC_LITERAL_CONVERSION = YES;
				CLANG_WARN_OBJC_ROOT_CLASS = YES_ERROR;
				CLANG_WARN_RANGE_LOOP_ANALYSIS = YES;
				CLANG_WARN_STRICT_PROTOTYPES = YES;
				CLANG_WARN_SUSPICIOUS_MOVE = YES;
				CLANG_WARN_UNGUARDED_AVAILABILITY = YES_AGGRESSIVE;
				CLANG_WARN_UNREACHABLE_CODE = YES;
				CLANG_WARN__DUPLICATE_METHOD_MATCH = YES;
				CODE_SIGN_IDENTITY = "iPhone Developer";
				COPY_PHASE_STRIP = NO;
				DEBUG_INFORMATION_FORMAT = "dwarf-with-dsym";
				ENABLE_NS_ASSERTIONS = NO;
				ENABLE_STRICT_OBJC_MSGSEND = YES;
				GCC_C_LANGUAGE_STANDARD = gnu11;
				GCC_NO_COMMON_BLOCKS = YES;
				GCC_WARN_64_TO_32_BIT_CONVERSION = YES;
				GCC_WARN_ABOUT_RETURN_TYPE = YES_ERROR;
				GCC_WARN_UNDECLARED_SELECTOR = YES;
				GCC_WARN_UNINITIALIZED_AUTOS = YES_AGGRESSIVE;
				GCC_WARN_UNUSED_FUNCTION = YES;
				GCC_WARN_UNUSED_VARIABLE = YES;
				IPHONEOS_DEPLOYMENT_TARGET = 11.0;
				MTL_ENABLE_DEBUG_INFO = NO;
				SDKROOT = iphoneos;
				SWIFT_OPTIMIZATION_LEVEL = "-Owholemodule";
				VALIDATE_PRODUCT = YES;
			};
			name = Release;
		};
		2AFF23531FB301DB00C32E8A /* Debug */ = {
			isa = XCBuildConfiguration;
			buildSettings = {
				ASSETCATALOG_COMPILER_APPICON_NAME = AppIcon;
				CODE_SIGN_STYLE = Automatic;
				DEVELOPMENT_TEAM = Y98X8JAPH6;
				INFOPLIST_FILE = TaglistCollectionDemo/Info.plist;
				IPHONEOS_DEPLOYMENT_TARGET = 11.0;
				LD_RUNPATH_SEARCH_PATHS = "$(inherited) @executable_path/Frameworks";
				PRODUCT_BUNDLE_IDENTIFIER = com.simform.TaglistCollectionDemo;
				PRODUCT_NAME = "$(TARGET_NAME)";
				SWIFT_VERSION = 4.0;
				TARGETED_DEVICE_FAMILY = "1,2";
			};
			name = Debug;
		};
		2AFF23541FB301DB00C32E8A /* Release */ = {
			isa = XCBuildConfiguration;
			buildSettings = {
				ASSETCATALOG_COMPILER_APPICON_NAME = AppIcon;
				CODE_SIGN_STYLE = Automatic;
				DEVELOPMENT_TEAM = Y98X8JAPH6;
				INFOPLIST_FILE = TaglistCollectionDemo/Info.plist;
				IPHONEOS_DEPLOYMENT_TARGET = 11.0;
				LD_RUNPATH_SEARCH_PATHS = "$(inherited) @executable_path/Frameworks";
				PRODUCT_BUNDLE_IDENTIFIER = com.simform.TaglistCollectionDemo;
				PRODUCT_NAME = "$(TARGET_NAME)";
				SWIFT_VERSION = 4.0;
				TARGETED_DEVICE_FAMILY = "1,2";
			};
			name = Release;
		};
/* End XCBuildConfiguration section */

/* Begin XCConfigurationList section */
		2AFF233B1FB301DB00C32E8A /* Build configuration list for PBXProject "TaglistCollectionDemo" */ = {
			isa = XCConfigurationList;
			buildConfigurations = (
				2AFF23501FB301DB00C32E8A /* Debug */,
				2AFF23511FB301DB00C32E8A /* Release */,
			);
			defaultConfigurationIsVisible = 0;
			defaultConfigurationName = Release;
		};
		2AFF23521FB301DB00C32E8A /* Build configuration list for PBXNativeTarget "TaglistCollectionDemo" */ = {
			isa = XCConfigurationList;
			buildConfigurations = (
				2AFF23531FB301DB00C32E8A /* Debug */,
				2AFF23541FB301DB00C32E8A /* Release */,
			);
			defaultConfigurationIsVisible = 0;
			defaultConfigurationName = Release;
		};
/* End XCConfigurationList section */
	};
	rootObject = 2AFF23381FB301DB00C32E8A /* Project object */;
}
